
Microsoft Visual Studio Solution File, Format Version 12.00
# Visual Studio Version 17
VisualStudioVersion = 17.0.32014.148
MinimumVisualStudioVersion = 10.0.40219.1
Project("{8BC9CEB8-8B4A-11D0-8D11-00A0C91BC942}") = "Topic_10", "Topic_10.vcxproj", "{845226B6-0CA8-442E-BFF2-AAA83FA027FE}"
EndProject
Global
	GlobalSection(SolutionConfigurationPlatforms) = preSolution
		Debug|x64 = Debug|x64
		Debug|x86 = Debug|x86
		Release|x64 = Release|x64
		Release|x86 = Release|x86
	EndGlobalSection
	GlobalSection(ProjectConfigurationPlatforms) = postSolution
		{845226B6-0CA8-442E-BFF2-AAA83FA027FE}.Debug|x64.ActiveCfg = Debug|x64
		{845226B6-0CA8-442E-BFF2-AAA83FA027FE}.Debug|x64.Build.0 = Debug|x64
		{845226B6-0CA8-442E-BFF2-AAA83FA027FE}.Debug|x86.ActiveCfg = Debug|Win32
		{845226B6-0CA8-442E-BFF2-AAA83FA027FE}.Debug|x86.Build.0 = Debug|Win32
		{845226B6-0CA8-442E-BFF2-AAA83FA027FE}.Release|x64.ActiveCfg = Release|x64
		{845226B6-0CA8-442E-BFF2-AAA83FA027FE}.Release|x64.Build.0 = Release|x64
		{845226B6-0CA8-442E-BFF2-AAA83FA027FE}.Release|x86.ActiveCfg = Release|Win32
		{845226B6-0CA8-442E-BFF2-AAA83FA027FE}.Release|x86.Build.0 = Release|Win32
	EndGlobalSection
	GlobalSection(SolutionProperties) = preSolution
		HideSolutionNode = FALSE
	EndGlobalSection
	GlobalSection(ExtensibilityGlobals) = postSolution
		SolutionGuid = {1CDA63A9-B2F4-450E-8F7D-B8E6977AAA68}
	EndGlobalSection
EndGlobal
